
Microsoft Visual Studio Solution File, Format Version 12.00
# Visual Studio Version 16
VisualStudioVersion = 16.0.30204.135
MinimumVisualStudioVersion = 10.0.40219.1
Project("{FAE04EC0-301F-11D3-BF4B-00C04F79EFBC}") = "TestXML", "TestXML\TestXML.csproj", "{ED843AB4-BDB0-4AF2-A06F-DEA63999715B}"
EndProject
Global
	GlobalSection(SolutionConfigurationPlatforms) = preSolution
		Debug|Any CPU = Debug|Any CPU
		Release|Any CPU = Release|Any CPU
	EndGlobalSection
	GlobalSection(ProjectConfigurationPlatforms) = postSolution
		{ED843AB4-BDB0-4AF2-A06F-DEA63999715B}.Debug|Any CPU.ActiveCfg = Debug|Any CPU
		{ED843AB4-BDB0-4AF2-A06F-DEA63999715B}.Debug|Any CPU.Build.0 = Debug|Any CPU
		{ED843AB4-BDB0-4AF2-A06F-DEA63999715B}.Release|Any CPU.ActiveCfg = Release|Any CPU
		{ED843AB4-BDB0-4AF2-A06F-DEA63999715B}.Release|Any CPU.Build.0 = Release|Any CPU
	EndGlobalSection
	GlobalSection(SolutionProperties) = preSolution
		HideSolutionNode = FALSE
	EndGlobalSection
	GlobalSection(ExtensibilityGlobals) = postSolution
		SolutionGuid = {CAF8F2B8-3C7D-4B3C-8EFF-B4DA11BFD52F}
	EndGlobalSection
EndGlobal
